PODS:
  - Flutter (1.0.0)
  - flutter_media_streamer (0.0.1):
    - Flutter

DEPENDENCIES:
  - Flutter (from `Flutter`)
  - flutter_media_streamer (from `.symlinks/plugins/flutter_media_streamer/ios`)

EXTERNAL SOURCES:
  Flutter:
    :path: Flutter
  flutter_media_streamer:
    :path: ".symlinks/plugins/flutter_media_streamer/ios"

SPEC CHECKSUMS:
  Flutter: 0e3d915762c693b495b44d77113d4970485de6ec
  flutter_media_streamer: c5599c69c6cdec3716dc7a30c103447e4676e583

PODFILE CHECKSUM: ffd7293eb7d5907b54a367fd400872baeef513a5

COCOAPODS: 1.9.3
